// !$*UTF8*$!
{
	archiveVersion = 1;
	classes = {
	};
	objectVersion = 50;
	objects = {

/* Begin PBXBuildFile section */
		B0223C4524ADDC05009637ED /* AppDelegate.swift in Sources */ = {isa = PBXBuildFile; fileRef = B0223C4424ADDC05009637ED /* AppDelegate.swift */; };
		B0223C4724ADDC05009637ED /* SceneDelegate.swift in Sources */ = {isa = PBXBuildFile; fileRef = B0223C4624ADDC05009637ED /* SceneDelegate.swift */; };
		B0223C4924ADDC05009637ED /* ViewController.swift in Sources */ = {isa = PBXBuildFile; fileRef = B0223C4824ADDC05009637ED /* ViewController.swift */; };
		B0223C4C24ADDC05009637ED /* Main.storyboard in Resources */ = {isa = PBXBuildFile; fileRef = B0223C4A24ADDC05009637ED /* Main.storyboard */; };
		B0223C4E24ADDC09009637ED /* Assets.xcassets in Resources */ = {isa = PBXBuildFile; fileRef = B0223C4D24ADDC09009637ED /* Assets.xcassets */; };
		B0223C5124ADDC09009637ED /* LaunchScreen.storyboard in Resources */ = {isa = PBXBuildFile; fileRef = B0223C4F24ADDC09009637ED /* LaunchScreen.storyboard */; };
		B0223C7724AF1715009637ED /* B.wav in Resources */ = {isa = PBXBuildFile; fileRef = B0223C7024AF1715009637ED /* B.wav */; };
		B0223C7824AF1715009637ED /* G.wav in Resources */ = {isa = PBXBuildFile; fileRef = B0223C7124AF1715009637ED /* G.wav */; };
		B0223C7924AF1715009637ED /* D.wav in Resources */ = {isa = PBXBuildFile; fileRef = B0223C7224AF1715009637ED /* D.wav */; };
		B0223C7A24AF1715009637ED /* C.wav in Resources */ = {isa = PBXBuildFile; fileRef = B0223C7324AF1715009637ED /* C.wav */; };
		B0223C7B24AF1715009637ED /* E.wav in Resources */ = {isa = PBXBuildFile; fileRef = B0223C7424AF1715009637ED /* E.wav */; };
		B0223C7C24AF1715009637ED /* F.wav in Resources */ = {isa = PBXBuildFile; fileRef = B0223C7524AF1715009637ED /* F.wav */; };
		B0223C7D24AF1715009637ED /* A.wav in Resources */ = {isa = PBXBuildFile; fileRef = B0223C7624AF1715009637ED /* A.wav */; };
		B0223C7F24AF173A009637ED /* .gitignore in Resources */ = {isa = PBXBuildFile; fileRef = B0223C7E24AF173A009637ED /* .gitignore */; };
/* End PBXBuildFile section */

/* Begin PBXFileReference section */
		B0223C4124ADDC05009637ED /* Xylophone.app */ = {isa = PBXFileReference; explicitFileType = wrapper.application; includeInIndex = 0; path = Xylophone.app; sourceTree = BUILT_PRODUCTS_DIR; };
		B0223C4424ADDC05009637ED /* AppDelegate.swift */ = {isa = PBXFileReference; lastKnownFileType = sourcecode.swift; path = AppDelegate.swift; sourceTree = "<group>"; };
		B0223C4624ADDC05009637ED /* SceneDelegate.swift */ = {isa = PBXFileReference; lastKnownFileType = sourcecode.swift; path = SceneDelegate.swift; sourceTree = "<group>"; };
		B0223C4824ADDC05009637ED /* ViewController.swift */ = {isa = PBXFileReference; lastKnownFileType = sourcecode.swift; path = ViewController.swift; sourceTree = "<group>"; };
		B0223C4B24ADDC05009637ED /* Base */ = {isa = PBXFileReference; lastKnownFileType = file.storyboard; name = Base; path = Base.lproj/Main.storyboard; sourceTree = "<group>"; };
		B0223C4D24ADDC09009637ED /* Assets.xcassets */ = {isa = PBXFileReference; lastKnownFileType = folder.assetcatalog; path = Assets.xcassets; sourceTree = "<group>"; };
		B0223C5024ADDC09009637ED /* Base */ = {isa = PBXFileReference; lastKnownFileType = file.storyboard; name = Base; path = Base.lproj/LaunchScreen.storyboard; sourceTree = "<group>"; };
		B0223C5224ADDC09009637ED /* Info.plist */ = {isa = PBXFileReference; lastKnownFileType = text.plist.xml; path = Info.plist; sourceTree = "<group>"; };
		B0223C7024AF1715009637ED /* B.wav */ = {isa = PBXFileReference; lastKnownFileType = audio.wav; path = B.wav; sourceTree = "<group>"; };
		B0223C7124AF1715009637ED /* G.wav */ = {isa = PBXFileReference; lastKnownFileType = audio.wav; path = G.wav; sourceTree = "<group>"; };
		B0223C7224AF1715009637ED /* D.wav */ = {isa = PBXFileReference; lastKnownFileType = audio.wav; path = D.wav; sourceTree = "<group>"; };
		B0223C7324AF1715009637ED /* C.wav */ = {isa = PBXFileReference; lastKnownFileType = audio.wav; path = C.wav; sourceTree = "<group>"; };
		B0223C7424AF1715009637ED /* E.wav */ = {isa = PBXFileReference; lastKnownFileType = audio.wav; path = E.wav; sourceTree = "<group>"; };
		B0223C7524AF1715009637ED /* F.wav */ = {isa = PBXFileReference; lastKnownFileType = audio.wav; path = F.wav; sourceTree = "<group>"; };
		B0223C7624AF1715009637ED /* A.wav */ = {isa = PBXFileReference; lastKnownFileType = audio.wav; path = A.wav; sourceTree = "<group>"; };
		B0223C7E24AF173A009637ED /* .gitignore */ = {isa = PBXFileReference; lastKnownFileType = text; path = .gitignore; sourceTree = "<group>"; };
/* End PBXFileReference section */

/* Begin PBXFrameworksBuildPhase section */
		B0223C3E24ADDC05009637ED /* Frameworks */ = {
			isa = PBXFrameworksBuildPhase;
			buildActionMask = 2147483647;
			files = (
			);
			runOnlyForDeploymentPostprocessing = 0;
		};
/* End PBXFrameworksBuildPhase section */

/* Begin PBXGroup section */
		B0223C3824ADDC05009637ED = {
			isa = PBXGroup;
			children = (
				B0223C7E24AF173A009637ED /* .gitignore */,
				B0223C4324ADDC05009637ED /* Xylophone */,
				B0223C4224ADDC05009637ED /* Products */,
			);
			sourceTree = "<group>";
		};
		B0223C4224ADDC05009637ED /* Products */ = {
			isa = PBXGroup;
			children = (
				B0223C4124ADDC05009637ED /* Xylophone.app */,
			);
			name = Products;
			sourceTree = "<group>";
		};
		B0223C4324ADDC05009637ED /* Xylophone */ = {
			isa = PBXGroup;
			children = (
				B0223C4424ADDC05009637ED /* AppDelegate.swift */,
				B0223C4624ADDC05009637ED /* SceneDelegate.swift */,
				B0223C4824ADDC05009637ED /* ViewController.swift */,
				B0223C4A24ADDC05009637ED /* Main.storyboard */,
				B0223C4D24ADDC09009637ED /* Assets.xcassets */,
				B0223C4F24ADDC09009637ED /* LaunchScreen.storyboard */,
				B0223C5224ADDC09009637ED /* Info.plist */,
				B0223C6124AF1630009637ED /* Sounds */,
			);
			path = Xylophone;
			sourceTree = "<group>";
		};
		B0223C6124AF1630009637ED /* Sounds */ = {
			isa = PBXGroup;
			children = (
				B0223C7624AF1715009637ED /* A.wav */,
				B0223C7024AF1715009637ED /* B.wav */,
				B0223C7324AF1715009637ED /* C.wav */,
				B0223C7224AF1715009637ED /* D.wav */,
				B0223C7424AF1715009637ED /* E.wav */,
				B0223C7524AF1715009637ED /* F.wav */,
				B0223C7124AF1715009637ED /* G.wav */,
			);
			path = Sounds;
			sourceTree = "<group>";
		};
/* End PBXGroup section */

/* Begin PBXNativeTarget section */
		B0223C4024ADDC05009637ED /* Xylophone */ = {
			isa = PBXNativeTarget;
			buildConfigurationList = B0223C5524ADDC09009637ED /* Build configuration list for PBXNativeTarget "Xylophone" */;
			buildPhases = (
				B0223C3D24ADDC05009637ED /* Sources */,
				B0223C3E24ADDC05009637ED /* Frameworks */,
				B0223C3F24ADDC05009637ED /* Resources */,
			);
			buildRules = (
			);
			dependencies = (
			);
			name = Xylophone;
			productName = Xylophone;
			productReference = B0223C4124ADDC05009637ED /* Xylophone.app */;
			productType = "com.apple.product-type.application";
		};
/* End PBXNativeTarget section */

/* Begin PBXProject section */
		B0223C3924ADDC05009637ED /* Project object */ = {
			isa = PBXProject;
			attributes = {
				LastSwiftUpdateCheck = 1140;
				LastUpgradeCheck = 1140;
				ORGANIZATIONNAME = "Gregor Kramer";
				TargetAttributes = {
					B0223C4024ADDC05009637ED = {
						CreatedOnToolsVersion = 11.4.1;
					};
				};
			};
			buildConfigurationList = B0223C3C24ADDC05009637ED /* Build configuration list for PBXProject "Xylophone" */;
			compatibilityVersion = "Xcode 9.3";
			developmentRegion = en;
			hasScannedForEncodings = 0;
			knownRegions = (
				en,
				Base,
			);
			mainGroup = B0223C3824ADDC05009637ED;
			productRefGroup = B0223C4224ADDC05009637ED /* Products */;
			projectDirPath = "";
			projectRoot = "";
			targets = (
				B0223C4024ADDC05009637ED /* Xylophone */,
			);
		};
/* End PBXProject section */

/* Begin PBXResourcesBuildPhase section */
		B0223C3F24ADDC05009637ED /* Resources */ = {
			isa = PBXResourcesBuildPhase;
			buildActionMask = 2147483647;
			files = (
				B0223C5124ADDC09009637ED /* LaunchScreen.storyboard in Resources */,
				B0223C7824AF1715009637ED /* G.wav in Resources */,
				B0223C4E24ADDC09009637ED /* Assets.xcassets in Resources */,
				B0223C7C24AF1715009637ED /* F.wav in Resources */,
				B0223C7F24AF173A009637ED /* .gitignore in Resources */,
				B0223C7924AF1715009637ED /* D.wav in Resources */,
				B0223C4C24ADDC05009637ED /* Main.storyboard in Resources */,
				B0223C7724AF1715009637ED /* B.wav in Resources */,
				B0223C7B24AF1715009637ED /* E.wav in Resources */,
				B0223C7D24AF1715009637ED /* A.wav in Resources */,
				B0223C7A24AF1715009637ED /* C.wav in Resources */,
			);
			runOnlyForDeploymentPostprocessing = 0;
		};
/* End PBXResourcesBuildPhase section */

/* Begin PBXSourcesBuildPhase section */
		B0223C3D24ADDC05009637ED /* Sources */ = {
			isa = PBXSourcesBuildPhase;
			buildActionMask = 2147483647;
			files = (
				B0223C4924ADDC05009637ED /* ViewController.swift in Sources */,
				B0223C4524ADDC05009637ED /* AppDelegate.swift in Sources */,
				B0223C4724ADDC05009637ED /* SceneDelegate.swift in Sources */,
			);
			runOnlyForDeploymentPostprocessing = 0;
		};
/* End PBXSourcesBuildPhase section */

/* Begin PBXVariantGroup section */
		B0223C4A24ADDC05009637ED /* Main.storyboard */ = {
			isa = PBXVariantGroup;
			children = (
				B0223C4B24ADDC05009637ED /* Base */,
			);
			name = Main.storyboard;
			sourceTree = "<group>";
		};
		B0223C4F24ADDC09009637ED /* LaunchScreen.storyboard */ = {
			isa = PBXVariantGroup;
			children = (
				B0223C5024ADDC09009637ED /* Base */,
			);
			name = LaunchScreen.storyboard;
			sourceTree = "<group>";
		};
/* End PBXVariantGroup section */

/* Begin XCBuildConfiguration section */
		B0223C5324ADDC09009637ED /* Debug */ = {
			isa = XCBuildConfiguration;
			buildSettings = {
				ALWAYS_SEARCH_USER_PATHS = NO;
				CLANG_ANALYZER_NONNULL = YES;
				CLANG_ANALYZER_NUMBER_OBJECT_CONVERSION = YES_AGGRESSIVE;
				CLANG_CXX_LANGUAGE_STANDARD = "gnu++14";
				CLANG_CXX_LIBRARY = "libc++";
				CLANG_ENABLE_MODULES = YES;
				CLANG_ENABLE_OBJC_ARC = YES;
				CLANG_ENABLE_OBJC_WEAK = YES;
				CLANG_WARN_BLOCK_CAPTURE_AUTORELEASING = YES;
				CLANG_WARN_BOOL_CONVERSION = YES;
				CLANG_WARN_COMMA = YES;
				CLANG_WARN_CONSTANT_CONVERSION = YES;
				CLANG_WARN_DEPRECATED_OBJC_IMPLEMENTATIONS = YES;
				CLANG_WARN_DIRECT_OBJC_ISA_USAGE = YES_ERROR;
				CLANG_WARN_DOCUMENTATION_COMMENTS = YES;
				CLANG_WARN_EMPTY_BODY = YES;
				CLANG_WARN_ENUM_CONVERSION = YES;
				CLANG_WARN_INFINITE_RECURSION = YES;
				CLANG_WARN_INT_CONVERSION = YES;
				CLANG_WARN_NON_LITERAL_NULL_CONVERSION = YES;
				CLANG_WARN_OBJC_IMPLICIT_RETAIN_SELF = YES;
				CLANG_WARN_OBJC_LITERAL_CONVERSION = YES;
				CLANG_WARN_OBJC_ROOT_CLASS = YES_ERROR;
				CLANG_WARN_RANGE_LOOP_ANALYSIS = YES;
				CLANG_WARN_STRICT_PROTOTYPES = YES;
				CLANG_WARN_SUSPICIOUS_MOVE = YES;
				CLANG_WARN_UNGUARDED_AVAILABILITY = YES_AGGRESSIVE;
				CLANG_WARN_UNREACHABLE_CODE = YES;
				CLANG_WARN__DUPLICATE_METHOD_MATCH = YES;
				COPY_PHASE_STRIP = NO;
				DEBUG_INFORMATION_FORMAT = dwarf;
				ENABLE_STRICT_OBJC_MSGSEND = YES;
				ENABLE_TESTABILITY = YES;
				GCC_C_LANGUAGE_STANDARD = gnu11;
				GCC_DYNAMIC_NO_PIC = NO;
				GCC_NO_COMMON_BLOCKS = YES;
				GCC_OPTIMIZATION_LEVEL = 0;
				GCC_PREPROCESSOR_DEFINITIONS = (
					"DEBUG=1",
					"$(inherited)",
				);
				GCC_WARN_64_TO_32_BIT_CONVERSION = YES;
				GCC_WARN_ABOUT_RETURN_TYPE = YES_ERROR;
				GCC_WARN_UNDECLARED_SELECTOR = YES;
				GCC_WARN_UNINITIALIZED_AUTOS = YES_AGGRESSIVE;
				GCC_WARN_UNUSED_FUNCTION = YES;
				GCC_WARN_UNUSED_VARIABLE = YES;
				IPHONEOS_DEPLOYMENT_TARGET = 13.4;
				MTL_ENABLE_DEBUG_INFO = INCLUDE_SOURCE;
				MTL_FAST_MATH = YES;
				ONLY_ACTIVE_ARCH = YES;
				SDKROOT = iphoneos;
				SWIFT_ACTIVE_COMPILATION_CONDITIONS = DEBUG;
				SWIFT_OPTIMIZATION_LEVEL = "-Onone";
			};
			name = Debug;
		};
		B0223C5424ADDC09009637ED /* Release */ = {
			isa = XCBuildConfiguration;
			buildSettings = {
				ALWAYS_SEARCH_USER_PATHS = NO;
				CLANG_ANALYZER_NONNULL = YES;
				CLANG_ANALYZER_NUMBER_OBJECT_CONVERSION = YES_AGGRESSIVE;
				CLANG_CXX_LANGUAGE_STANDARD = "gnu++14";
				CLANG_CXX_LIBRARY = "libc++";
				CLANG_ENABLE_MODULES = YES;
				CLANG_ENABLE_OBJC_ARC = YES;
				CLANG_ENABLE_OBJC_WEAK = YES;
				CLANG_WARN_BLOCK_CAPTURE_AUTORELEASING = YES;
				CLANG_WARN_BOOL_CONVERSION = YES;
				CLANG_WARN_COMMA = YES;
				CLANG_WARN_CONSTANT_CONVERSION = YES;
				CLANG_WARN_DEPRECATED_OBJC_IMPLEMENTATIONS = YES;
				CLANG_WARN_DIRECT_OBJC_ISA_USAGE = YES_ERROR;
				CLANG_WARN_DOCUMENTATION_COMMENTS = YES;
				CLANG_WARN_EMPTY_BODY = YES;
				CLANG_WARN_ENUM_CONVERSION = YES;
				CLANG_WARN_INFINITE_RECURSION = YES;
				CLANG_WARN_INT_CONVERSION = YES;
				CLANG_WARN_NON_LITERAL_NULL_CONVERSION = YES;
				CLANG_WARN_OBJC_IMPLICIT_RETAIN_SELF = YES;
				CLANG_WARN_OBJC_LITERAL_CONVERSION = YES;
				CLANG_WARN_OBJC_ROOT_CLASS = YES_ERROR;
				CLANG_WARN_RANGE_LOOP_ANALYSIS = YES;
				CLANG_WARN_STRICT_PROTOTYPES = YES;
				CLANG_WARN_SUSPICIOUS_MOVE = YES;
				CLANG_WARN_UNGUARDED_AVAILABILITY = YES_AGGRESSIVE;
				CLANG_WARN_UNREACHABLE_CODE = YES;
				CLANG_WARN__DUPLICATE_METHOD_MATCH = YES;
				COPY_PHASE_STRIP = NO;
				DEBUG_INFORMATION_FORMAT = "dwarf-with-dsym";
				ENABLE_NS_ASSERTIONS = NO;
				ENABLE_STRICT_OBJC_MSGSEND = YES;
				GCC_C_LANGUAGE_STANDARD = gnu11;
				GCC_NO_COMMON_BLOCKS = YES;
				GCC_WARN_64_TO_32_BIT_CONVERSION = YES;
				GCC_WARN_ABOUT_RETURN_TYPE = YES_ERROR;
				GCC_WARN_UNDECLARED_SELECTOR = YES;
				GCC_WARN_UNINITIALIZED_AUTOS = YES_AGGRESSIVE;
				GCC_WARN_UNUSED_FUNCTION = YES;
				GCC_WARN_UNUSED_VARIABLE = YES;
				IPHONEOS_DEPLOYMENT_TARGET = 13.4;
				MTL_ENABLE_DEBUG_INFO = NO;
				MTL_FAST_MATH = YES;
				SDKROOT = iphoneos;
				SWIFT_COMPILATION_MODE = wholemodule;
				SWIFT_OPTIMIZATION_LEVEL = "-O";
				VALIDATE_PRODUCT = YES;
			};
			name = Release;
		};
		B0223C5624ADDC09009637ED /* Debug */ = {
			isa = XCBuildConfiguration;
			buildSettings = {
				ASSETCATALOG_COMPILER_APPICON_NAME = AppIcon;
				CODE_SIGN_STYLE = Automatic;
				INFOPLIST_FILE = Xylophone/Info.plist;
				LD_RUNPATH_SEARCH_PATHS = (
					"$(inherited)",
					"@executable_path/Frameworks",
				);
				PRODUCT_BUNDLE_IDENTIFIER = com.gregorkramer.Xylophone;
				PRODUCT_NAME = "$(TARGET_NAME)";
				SWIFT_VERSION = 5.0;
				TARGETED_DEVICE_FAMILY = "1,2";
			};
			name = Debug;
		};
		B0223C5724ADDC09009637ED /* Release */ = {
			isa = XCBuildConfiguration;
			buildSettings = {
				ASSETCATALOG_COMPILER_APPICON_NAME = AppIcon;
				CODE_SIGN_STYLE = Automatic;
				INFOPLIST_FILE = Xylophone/Info.plist;
				LD_RUNPATH_SEARCH_PATHS = (
					"$(inherited)",
					"@executable_path/Frameworks",
				);
				PRODUCT_BUNDLE_IDENTIFIER = com.gregorkramer.Xylophone;
				PRODUCT_NAME = "$(TARGET_NAME)";
				SWIFT_VERSION = 5.0;
				TARGETED_DEVICE_FAMILY = "1,2";
			};
			name = Release;
		};
/* End XCBuildConfiguration section */

/* Begin XCConfigurationList section */
		B0223C3C24ADDC05009637ED /* Build configuration list for PBXProject "Xylophone" */ = {
			isa = XCConfigurationList;
			buildConfigurations = (
				B0223C5324ADDC09009637ED /* Debug */,
				B0223C5424ADDC09009637ED /* Release */,
			);
			defaultConfigurationIsVisible = 0;
			defaultConfigurationName = Release;
		};
		B0223C5524ADDC09009637ED /* Build configuration list for PBXNativeTarget "Xylophone" */ = {
			isa = XCConfigurationList;
			buildConfigurations = (
				B0223C5624ADDC09009637ED /* Debug */,
				B0223C5724ADDC09009637ED /* Release */,
			);
			defaultConfigurationIsVisible = 0;
			defaultConfigurationName = Release;
		};
/* End XCConfigurationList section */
	};
	rootObject = B0223C3924ADDC05009637ED /* Project object */;
}
